<?xml version="1.0" encoding="UTF-8"?>
<Scheme
   version = "1.3">
   <BuildAction>
      <BuildActionEntries>
         <BuildActionEntry
            buildForRunning = "YES">
            <BuildableReference
               BuildableIdentifier = "primary"
               BlueprintIdentifier = "B81DAC1D1B67E7D0D88B0B0D"
               BuildableName = "&#x5e9f;&#x8bdd;&#x751f;&#x6210;&#x5668;"
               BlueprintName = "&#x5e9f;&#x8bdd;&#x751f;&#x6210;&#x5668;"
               ReferencedContainer = "container:&#x5e9f;&#x8bdd;&#x751f;&#x6210;&#x5668;.xcodeproj">
            </BuildableReference>
         </BuildActionEntry>
      </BuildActionEntries>
   </BuildAction>
   <LaunchAction
      useCustomWorkingDirectory = "NO"
      buildConfiguration = "Debug"
      allowLocationSimulation = "YES">
      <BuildableProductRunnable>
         <BuildableReference
            BuildableIdentifier = "primary"
            BlueprintIdentifier = "B81DAC1D1B67E7D0D88B0B0D"
            BuildableName = "&#x5e9f;&#x8bdd;&#x751f;&#x6210;&#x5668;"
            BlueprintName = "&#x5e9f;&#x8bdd;&#x751f;&#x6210;&#x5668;"
            ReferencedContainer = "container:&#x5e9f;&#x8bdd;&#x751f;&#x6210;&#x5668;.xcodeproj">
         </BuildableReference>
      </BuildableProductRunnable>
   </LaunchAction>
</Scheme>
